
Microsoft Visual Studio Solution File, Format Version 12.00
# Visual Studio Version 17
VisualStudioVersion = 17.5.33516.290
MinimumVisualStudioVersion = 10.0.40219.1
Project("{FAE04EC0-301F-11D3-BF4B-00C04F79EFBC}") = "dotnetopentelemetry", "dotnetopentelemetry\dotnetopentelemetry.csproj", "{B925A94C-3923-4071-AA01-529E2CC76CB6}"
EndProject
Global
	GlobalSection(SolutionConfigurationPlatforms) = preSolution
		Debug|Any CPU = Debug|Any CPU
		Release|Any CPU = Release|Any CPU
	EndGlobalSection
	GlobalSection(ProjectConfigurationPlatforms) = postSolution
		{B925A94C-3923-4071-AA01-529E2CC76CB6}.Debug|Any CPU.ActiveCfg = Debug|Any CPU
		{B925A94C-3923-4071-AA01-529E2CC76CB6}.Debug|Any CPU.Build.0 = Debug|Any CPU
		{B925A94C-3923-4071-AA01-529E2CC76CB6}.Release|Any CPU.ActiveCfg = Release|Any CPU
		{B925A94C-3923-4071-AA01-529E2CC76CB6}.Release|Any CPU.Build.0 = Release|Any CPU
	EndGlobalSection
	GlobalSection(SolutionProperties) = preSolution
		HideSolutionNode = FALSE
	EndGlobalSection
	GlobalSection(ExtensibilityGlobals) = postSolution
		SolutionGuid = {64E48A75-6514-47DD-AF45-B11018EEDE84}
	EndGlobalSection
EndGlobal
